// !$*UTF8*$!
{
	archiveVersion = 1;
	classes = {
	};
	objectVersion = 46;
	objects = {

/* Begin PBXBuildFile section */
		91355FFD1DE44A1500F45542 /* TMDBGetMethods.swift in Sources */ = {isa = PBXBuildFile; fileRef = 91355FFC1DE44A1500F45542 /* TMDBGetMethods.swift */; };
		91355FFF1DE4661B00F45542 /* MovieKeys.swift in Sources */ = {isa = PBXBuildFile; fileRef = 91355FFE1DE4661B00F45542 /* MovieKeys.swift */; };
		913960C81DA8EA640071A84F /* TMDBAuthViewController.swift in Sources */ = {isa = PBXBuildFile; fileRef = 913960C71DA8EA640071A84F /* TMDBAuthViewController.swift */; };
		913960CE1DA91A970071A84F /* LoginViewController.swift in Sources */ = {isa = PBXBuildFile; fileRef = 913960CD1DA91A970071A84F /* LoginViewController.swift */; };
		91553FC31DB5C31D00D509AE /* SegmentedControl.swift in Sources */ = {isa = PBXBuildFile; fileRef = 91553FC21DB5C31D00D509AE /* SegmentedControl.swift */; };
		91576AA21DE04A39004055F4 /* MoviesUpcomingViewController.swift in Sources */ = {isa = PBXBuildFile; fileRef = 91576AA11DE04A39004055F4 /* MoviesUpcomingViewController.swift */; };
		91576AA41DE04A52004055F4 /* MoviesPopularViewController.swift in Sources */ = {isa = PBXBuildFile; fileRef = 91576AA31DE04A52004055F4 /* MoviesPopularViewController.swift */; };
		9167F7781DDD989700ADF05F /* BorderedButton.swift in Sources */ = {isa = PBXBuildFile; fileRef = 9167F7771DDD989700ADF05F /* BorderedButton.swift */; };
		9167F77B1DDD98F200ADF05F /* MoviePickerViewController.swift in Sources */ = {isa = PBXBuildFile; fileRef = 9167F77A1DDD98F200ADF05F /* MoviePickerViewController.swift */; };
		9167F77D1DDD994800ADF05F /* MovieDetailViewController.swift in Sources */ = {isa = PBXBuildFile; fileRef = 9167F77C1DDD994800ADF05F /* MovieDetailViewController.swift */; };
		9167F77F1DDD997100ADF05F /* FavoritesViewController.swift in Sources */ = {isa = PBXBuildFile; fileRef = 9167F77E1DDD997100ADF05F /* FavoritesViewController.swift */; };
		9167F7811DDD99B700ADF05F /* WatchlistViewController.swift in Sources */ = {isa = PBXBuildFile; fileRef = 9167F7801DDD99B700ADF05F /* WatchlistViewController.swift */; };
		917BE4E01DA77D8F00676A1F /* BlackBoxGDC.swift in Sources */ = {isa = PBXBuildFile; fileRef = 917BE4DF1DA77D8F00676A1F /* BlackBoxGDC.swift */; };
		917BE4E21DA77EC100676A1F /* TMDBConstants.swift in Sources */ = {isa = PBXBuildFile; fileRef = 917BE4E11DA77EC100676A1F /* TMDBConstants.swift */; };
		917BE4E41DA77EF800676A1F /* TMDBClient.swift in Sources */ = {isa = PBXBuildFile; fileRef = 917BE4E31DA77EF800676A1F /* TMDBClient.swift */; };
		917BE4E61DA7AE8E00676A1F /* TMDBConfig.swift in Sources */ = {isa = PBXBuildFile; fileRef = 917BE4E51DA7AE8E00676A1F /* TMDBConfig.swift */; };
		917BE4E81DA7B32200676A1F /* TMDBConvenience.swift in Sources */ = {isa = PBXBuildFile; fileRef = 917BE4E71DA7B32200676A1F /* TMDBConvenience.swift */; };
		91A74ACD1DF02EB9009FD9DA /* AVFoundation.framework in Frameworks */ = {isa = PBXBuildFile; fileRef = 91A74ACC1DF02EB9009FD9DA /* AVFoundation.framework */; };
		91A74ACF1DF02EC7009FD9DA /* AVKit.framework in Frameworks */ = {isa = PBXBuildFile; fileRef = 91A74ACE1DF02EC7009FD9DA /* AVKit.framework */; };
		91B709BD1DDF04BD00303E27 /* MoviesNowPlayingViewController.swift in Sources */ = {isa = PBXBuildFile; fileRef = 91B709BC1DDF04BD00303E27 /* MoviesNowPlayingViewController.swift */; };
		91B709C21DDF090C00303E27 /* NowPlayingCellCollectionViewCell.swift in Sources */ = {isa = PBXBuildFile; fileRef = 91B709C11DDF090C00303E27 /* NowPlayingCellCollectionViewCell.swift */; };
		91CA74B41DACC164009F4A78 /* SignupWebViewViewController.swift in Sources */ = {isa = PBXBuildFile; fileRef = 91CA74B31DACC163009F4A78 /* SignupWebViewViewController.swift */; };
		91CA74B61DACD64C009F4A78 /* TMDBMovie.swift in Sources */ = {isa = PBXBuildFile; fileRef = 91CA74B51DACD64C009F4A78 /* TMDBMovie.swift */; };
		91E8A1971DA075D5003191D3 /* AppDelegate.swift in Sources */ = {isa = PBXBuildFile; fileRef = 91E8A1961DA075D5003191D3 /* AppDelegate.swift */; };
		91E8A1991DA075D5003191D3 /* ViewController.swift in Sources */ = {isa = PBXBuildFile; fileRef = 91E8A1981DA075D5003191D3 /* ViewController.swift */; };
		91E8A19C1DA075D6003191D3 /* Main.storyboard in Resources */ = {isa = PBXBuildFile; fileRef = 91E8A19A1DA075D6003191D3 /* Main.storyboard */; };
		91E8A19E1DA075D6003191D3 /* Assets.xcassets in Resources */ = {isa = PBXBuildFile; fileRef = 91E8A19D1DA075D6003191D3 /* Assets.xcassets */; };
		91E8A1A11DA075D6003191D3 /* LaunchScreen.storyboard in Resources */ = {isa = PBXBuildFile; fileRef = 91E8A19F1DA075D6003191D3 /* LaunchScreen.storyboard */; };
		91E8A1AC1DA075D6003191D3 /* CineTests.swift in Sources */ = {isa = PBXBuildFile; fileRef = 91E8A1AB1DA075D6003191D3 /* CineTests.swift */; };
		91E8A1B71DA075D6003191D3 /* CineUITests.swift in Sources */ = {isa = PBXBuildFile; fileRef = 91E8A1B61DA075D6003191D3 /* CineUITests.swift */; };
		91ED35611DEECF5E004128AB /* TMDBTrailers.swift in Sources */ = {isa = PBXBuildFile; fileRef = 91ED35601DEECF5E004128AB /* TMDBTrailers.swift */; };
		91F63A3B1DE0F3AB00AAEAD0 /* CustomImageFlowLayout.swift in Sources */ = {isa = PBXBuildFile; fileRef = 91F63A3A1DE0F3AB00AAEAD0 /* CustomImageFlowLayout.swift */; };
/* End PBXBuildFile section */

/* Begin PBXContainerItemProxy section */
		91E8A1A81DA075D6003191D3 /* PBXContainerItemProxy */ = {
			isa = PBXContainerItemProxy;
			containerPortal = 91E8A18B1DA075D5003191D3 /* Project object */;
			proxyType = 1;
			remoteGlobalIDString = 91E8A1921DA075D5003191D3;
			remoteInfo = Cine;
		};
		91E8A1B31DA075D6003191D3 /* PBXContainerItemProxy */ = {
			isa = PBXContainerItemProxy;
			containerPortal = 91E8A18B1DA075D5003191D3 /* Project object */;
			proxyType = 1;
			remoteGlobalIDString = 91E8A1921DA075D5003191D3;
			remoteInfo = Cine;
		};
/* End PBXContainerItemProxy section */

/* Begin PBXFileReference section */
		91355FFC1DE44A1500F45542 /* TMDBGetMethods.swift */ = {isa = PBXFileReference; fileEncoding = 4; lastKnownFileType = sourcecode.swift; path = TMDBGetMethods.swift; sourceTree = "<group>"; };
		91355FFE1DE4661B00F45542 /* MovieKeys.swift */ = {isa = PBXFileReference; fileEncoding = 4; lastKnownFileType = sourcecode.swift; path = MovieKeys.swift; sourceTree = "<group>"; };
		913960C71DA8EA640071A84F /* TMDBAuthViewController.swift */ = {isa = PBXFileReference; fileEncoding = 4; lastKnownFileType = sourcecode.swift; path = TMDBAuthViewController.swift; sourceTree = "<group>"; };
		913960CD1DA91A970071A84F /* LoginViewController.swift */ = {isa = PBXFileReference; fileEncoding = 4; lastKnownFileType = sourcecode.swift; name = LoginViewController.swift; path = Cine/LoginViewController.swift; sourceTree = "<group>"; };
		91553FC21DB5C31D00D509AE /* SegmentedControl.swift */ = {isa = PBXFileReference; fileEncoding = 4; lastKnownFileType = sourcecode.swift; path = SegmentedControl.swift; sourceTree = "<group>"; };
		91576AA11DE04A39004055F4 /* MoviesUpcomingViewController.swift */ = {isa = PBXFileReference; fileEncoding = 4; lastKnownFileType = sourcecode.swift; path = MoviesUpcomingViewController.swift; sourceTree = "<group>"; };
		91576AA31DE04A52004055F4 /* MoviesPopularViewController.swift */ = {isa = PBXFileReference; fileEncoding = 4; lastKnownFileType = sourcecode.swift; path = MoviesPopularViewController.swift; sourceTree = "<group>"; };
		9167F7771DDD989700ADF05F /* BorderedButton.swift */ = {isa = PBXFileReference; fileEncoding = 4; lastKnownFileType = sourcecode.swift; path = BorderedButton.swift; sourceTree = "<group>"; };
		9167F77A1DDD98F200ADF05F /* MoviePickerViewController.swift */ = {isa = PBXFileReference; fileEncoding = 4; lastKnownFileType = sourcecode.swift; path = MoviePickerViewController.swift; sourceTree = "<group>"; };
		9167F77C1DDD994800ADF05F /* MovieDetailViewController.swift */ = {isa = PBXFileReference; fileEncoding = 4; lastKnownFileType = sourcecode.swift; path = MovieDetailViewController.swift; sourceTree = "<group>"; };
		9167F77E1DDD997100ADF05F /* FavoritesViewController.swift */ = {isa = PBXFileReference; fileEncoding = 4; lastKnownFileType = sourcecode.swift; path = FavoritesViewController.swift; sourceTree = "<group>"; };
		9167F7801DDD99B700ADF05F /* WatchlistViewController.swift */ = {isa = PBXFileReference; fileEncoding = 4; lastKnownFileType = sourcecode.swift; path = WatchlistViewController.swift; sourceTree = "<group>"; };
		917BE4DF1DA77D8F00676A1F /* BlackBoxGDC.swift */ = {isa = PBXFileReference; fileEncoding = 4; lastKnownFileType = sourcecode.swift; path = BlackBoxGDC.swift; sourceTree = "<group>"; };
		917BE4E11DA77EC100676A1F /* TMDBConstants.swift */ = {isa = PBXFileReference; fileEncoding = 4; lastKnownFileType = sourcecode.swift; path = TMDBConstants.swift; sourceTree = "<group>"; };
		917BE4E31DA77EF800676A1F /* TMDBClient.swift */ = {isa = PBXFileReference; fileEncoding = 4; lastKnownFileType = sourcecode.swift; path = TMDBClient.swift; sourceTree = "<group>"; };
		917BE4E51DA7AE8E00676A1F /* TMDBConfig.swift */ = {isa = PBXFileReference; fileEncoding = 4; lastKnownFileType = sourcecode.swift; path = TMDBConfig.swift; sourceTree = "<group>"; };
		917BE4E71DA7B32200676A1F /* TMDBConvenience.swift */ = {isa = PBXFileReference; fileEncoding = 4; lastKnownFileType = sourcecode.swift; path = TMDBConvenience.swift; sourceTree = "<group>"; };
		91A74ACC1DF02EB9009FD9DA /* AVFoundation.framework */ = {isa = PBXFileReference; lastKnownFileType = wrapper.framework; name = AVFoundation.framework; path = System/Library/Frameworks/AVFoundation.framework; sourceTree = SDKROOT; };
		91A74ACE1DF02EC7009FD9DA /* AVKit.framework */ = {isa = PBXFileReference; lastKnownFileType = wrapper.framework; name = AVKit.framework; path = System/Library/Frameworks/AVKit.framework; sourceTree = SDKROOT; };
		91B709BC1DDF04BD00303E27 /* MoviesNowPlayingViewController.swift */ = {isa = PBXFileReference; fileEncoding = 4; lastKnownFileType = sourcecode.swift; path = MoviesNowPlayingViewController.swift; sourceTree = "<group>"; };
		91B709C11DDF090C00303E27 /* NowPlayingCellCollectionViewCell.swift */ = {isa = PBXFileReference; fileEncoding = 4; lastKnownFileType = sourcecode.swift; path = NowPlayingCellCollectionViewCell.swift; sourceTree = "<group>"; };
		91CA74B31DACC163009F4A78 /* SignupWebViewViewController.swift */ = {isa = PBXFileReference; fileEncoding = 4; lastKnownFileType = sourcecode.swift; path = SignupWebViewViewController.swift; sourceTree = "<group>"; };
		91CA74B51DACD64C009F4A78 /* TMDBMovie.swift */ = {isa = PBXFileReference; fileEncoding = 4; lastKnownFileType = sourcecode.swift; path = TMDBMovie.swift; sourceTree = "<group>"; };
		91E8A1931DA075D5003191D3 /* Cine.app */ = {isa = PBXFileReference; explicitFileType = wrapper.application; includeInIndex = 0; path = Cine.app; sourceTree = BUILT_PRODUCTS_DIR; };
		91E8A1961DA075D5003191D3 /* AppDelegate.swift */ = {isa = PBXFileReference; lastKnownFileType = sourcecode.swift; path = AppDelegate.swift; sourceTree = "<group>"; };
		91E8A1981DA075D5003191D3 /* ViewController.swift */ = {isa = PBXFileReference; lastKnownFileType = sourcecode.swift; path = ViewController.swift; sourceTree = "<group>"; };
		91E8A19B1DA075D6003191D3 /* Base */ = {isa = PBXFileReference; lastKnownFileType = file.storyboard; name = Base; path = Base.lproj/Main.storyboard; sourceTree = "<group>"; };
		91E8A19D1DA075D6003191D3 /* Assets.xcassets */ = {isa = PBXFileReference; lastKnownFileType = folder.assetcatalog; path = Assets.xcassets; sourceTree = "<group>"; };
		91E8A1A01DA075D6003191D3 /* Base */ = {isa = PBXFileReference; lastKnownFileType = file.storyboard; name = Base; path = Base.lproj/LaunchScreen.storyboard; sourceTree = "<group>"; };
		91E8A1A21DA075D6003191D3 /* Info.plist */ = {isa = PBXFileReference; lastKnownFileType = text.plist.xml; path = Info.plist; sourceTree = "<group>"; };
		91E8A1A71DA075D6003191D3 /* CineTests.xctest */ = {isa = PBXFileReference; explicitFileType = wrapper.cfbundle; includeInIndex = 0; path = CineTests.xctest; sourceTree = BUILT_PRODUCTS_DIR; };
		91E8A1AB1DA075D6003191D3 /* CineTests.swift */ = {isa = PBXFileReference; lastKnownFileType = sourcecode.swift; path = CineTests.swift; sourceTree = "<group>"; };
		91E8A1AD1DA075D6003191D3 /* Info.plist */ = {isa = PBXFileReference; lastKnownFileType = text.plist.xml; path = Info.plist; sourceTree = "<group>"; };
		91E8A1B21DA075D6003191D3 /* CineUITests.xctest */ = {isa = PBXFileReference; explicitFileType = wrapper.cfbundle; includeInIndex = 0; path = CineUITests.xctest; sourceTree = BUILT_PRODUCTS_DIR; };
		91E8A1B61DA075D6003191D3 /* CineUITests.swift */ = {isa = PBXFileReference; lastKnownFileType = sourcecode.swift; path = CineUITests.swift; sourceTree = "<group>"; };
		91E8A1B81DA075D6003191D3 /* Info.plist */ = {isa = PBXFileReference; lastKnownFileType = text.plist.xml; path = Info.plist; sourceTree = "<group>"; };
		91ED35601DEECF5E004128AB /* TMDBTrailers.swift */ = {isa = PBXFileReference; fileEncoding = 4; lastKnownFileType = sourcecode.swift; path = TMDBTrailers.swift; sourceTree = "<group>"; };
		91F63A3A1DE0F3AB00AAEAD0 /* CustomImageFlowLayout.swift */ = {isa = PBXFileReference; fileEncoding = 4; lastKnownFileType = sourcecode.swift; path = CustomImageFlowLayout.swift; sourceTree = "<group>"; };
/* End PBXFileReference section */

/* Begin PBXFrameworksBuildPhase section */
		91E8A1901DA075D5003191D3 /* Frameworks */ = {
			isa = PBXFrameworksBuildPhase;
			buildActionMask = 2147483647;
			files = (
				91A74ACF1DF02EC7009FD9DA /* AVKit.framework in Frameworks */,
				91A74ACD1DF02EB9009FD9DA /* AVFoundation.framework in Frameworks */,
			);
			runOnlyForDeploymentPostprocessing = 0;
		};
		91E8A1A41DA075D6003191D3 /* Frameworks */ = {
			isa = PBXFrameworksBuildPhase;
			buildActionMask = 2147483647;
			files = (
			);
			runOnlyForDeploymentPostprocessing = 0;
		};
		91E8A1AF1DA075D6003191D3 /* Frameworks */ = {
			isa = PBXFrameworksBuildPhase;
			buildActionMask = 2147483647;
			files = (
			);
			runOnlyForDeploymentPostprocessing = 0;
		};
/* End PBXFrameworksBuildPhase section */

/* Begin PBXGroup section */
		9167F7791DDD98B400ADF05F /* View */ = {
			isa = PBXGroup;
			children = (
				9167F7771DDD989700ADF05F /* BorderedButton.swift */,
				91F63A3A1DE0F3AB00AAEAD0 /* CustomImageFlowLayout.swift */,
			);
			name = View;
			sourceTree = "<group>";
		};
		9177EEC21DDD9FF7000D8C8C /* Controller */ = {
			isa = PBXGroup;
			children = (
				9167F7801DDD99B700ADF05F /* WatchlistViewController.swift */,
				9167F77E1DDD997100ADF05F /* FavoritesViewController.swift */,
				9167F77C1DDD994800ADF05F /* MovieDetailViewController.swift */,
				9167F77A1DDD98F200ADF05F /* MoviePickerViewController.swift */,
				91B709BC1DDF04BD00303E27 /* MoviesNowPlayingViewController.swift */,
				913960CD1DA91A970071A84F /* LoginViewController.swift */,
				91576AA11DE04A39004055F4 /* MoviesUpcomingViewController.swift */,
				91576AA31DE04A52004055F4 /* MoviesPopularViewController.swift */,
				91B709C01DDF08C100303E27 /* Cells */,
			);
			name = Controller;
			path = ..;
			sourceTree = "<group>";
		};
		918ECB3E1DD86F0900C1E73E /* Model */ = {
			isa = PBXGroup;
			children = (
				91CA74B51DACD64C009F4A78 /* TMDBMovie.swift */,
				917BE4E11DA77EC100676A1F /* TMDBConstants.swift */,
				917BE4E31DA77EF800676A1F /* TMDBClient.swift */,
				917BE4E51DA7AE8E00676A1F /* TMDBConfig.swift */,
				917BE4E71DA7B32200676A1F /* TMDBConvenience.swift */,
				913960C71DA8EA640071A84F /* TMDBAuthViewController.swift */,
				91355FFC1DE44A1500F45542 /* TMDBGetMethods.swift */,
				91355FFE1DE4661B00F45542 /* MovieKeys.swift */,
				91ED35601DEECF5E004128AB /* TMDBTrailers.swift */,
			);
			name = Model;
			sourceTree = "<group>";
		};
		91A74ACB1DF02EB9009FD9DA /* Frameworks */ = {
			isa = PBXGroup;
			children = (
				91A74ACE1DF02EC7009FD9DA /* AVKit.framework */,
				91A74ACC1DF02EB9009FD9DA /* AVFoundation.framework */,
			);
			name = Frameworks;
			sourceTree = "<group>";
		};
		91B709C01DDF08C100303E27 /* Cells */ = {
			isa = PBXGroup;
			children = (
				91B709C11DDF090C00303E27 /* NowPlayingCellCollectionViewCell.swift */,
			);
			name = Cells;
			sourceTree = "<group>";
		};
		91E8A18A1DA075D5003191D3 = {
			isa = PBXGroup;
			children = (
				91E8A1951DA075D5003191D3 /* Cine */,
				91E8A1AA1DA075D6003191D3 /* CineTests */,
				91E8A1B51DA075D6003191D3 /* CineUITests */,
				91E8A1941DA075D5003191D3 /* Products */,
				91A74ACB1DF02EB9009FD9DA /* Frameworks */,
			);
			sourceTree = "<group>";
		};
		91E8A1941DA075D5003191D3 /* Products */ = {
			isa = PBXGroup;
			children = (
				91E8A1931DA075D5003191D3 /* Cine.app */,
				91E8A1A71DA075D6003191D3 /* CineTests.xctest */,
				91E8A1B21DA075D6003191D3 /* CineUITests.xctest */,
			);
			name = Products;
			sourceTree = "<group>";
		};
		91E8A1951DA075D5003191D3 /* Cine */ = {
			isa = PBXGroup;
			children = (
				91E8A1961DA075D5003191D3 /* AppDelegate.swift */,
				91E8A1981DA075D5003191D3 /* ViewController.swift */,
				91E8A19A1DA075D6003191D3 /* Main.storyboard */,
				91E8A19D1DA075D6003191D3 /* Assets.xcassets */,
				91E8A19F1DA075D6003191D3 /* LaunchScreen.storyboard */,
				91E8A1A21DA075D6003191D3 /* Info.plist */,
				917BE4DF1DA77D8F00676A1F /* BlackBoxGDC.swift */,
				9167F7791DDD98B400ADF05F /* View */,
				9177EEC21DDD9FF7000D8C8C /* Controller */,
				918ECB3E1DD86F0900C1E73E /* Model */,
				91CA74B31DACC163009F4A78 /* SignupWebViewViewController.swift */,
				91553FC21DB5C31D00D509AE /* SegmentedControl.swift */,
			);
			path = Cine;
			sourceTree = "<group>";
		};
		91E8A1AA1DA075D6003191D3 /* CineTests */ = {
			isa = PBXGroup;
			children = (
				91E8A1AB1DA075D6003191D3 /* CineTests.swift */,
				91E8A1AD1DA075D6003191D3 /* Info.plist */,
			);
			path = CineTests;
			sourceTree = "<group>";
		};
		91E8A1B51DA075D6003191D3 /* CineUITests */ = {
			isa = PBXGroup;
			children = (
				91E8A1B61DA075D6003191D3 /* CineUITests.swift */,
				91E8A1B81DA075D6003191D3 /* Info.plist */,
			);
			path = CineUITests;
			sourceTree = "<group>";
		};
/* End PBXGroup section */

/* Begin PBXNativeTarget section */
		91E8A1921DA075D5003191D3 /* Cine */ = {
			isa = PBXNativeTarget;
			buildConfigurationList = 91E8A1BB1DA075D6003191D3 /* Build configuration list for PBXNativeTarget "Cine" */;
			buildPhases = (
				91E8A18F1DA075D5003191D3 /* Sources */,
				91E8A1901DA075D5003191D3 /* Frameworks */,
				91E8A1911DA075D5003191D3 /* Resources */,
			);
			buildRules = (
			);
			dependencies = (
			);
			name = Cine;
			productName = Cine;
			productReference = 91E8A1931DA075D5003191D3 /* Cine.app */;
			productType = "com.apple.product-type.application";
		};
		91E8A1A61DA075D6003191D3 /* CineTests */ = {
			isa = PBXNativeTarget;
			buildConfigurationList = 91E8A1BE1DA075D6003191D3 /* Build configuration list for PBXNativeTarget "CineTests" */;
			buildPhases = (
				91E8A1A31DA075D6003191D3 /* Sources */,
				91E8A1A41DA075D6003191D3 /* Frameworks */,
				91E8A1A51DA075D6003191D3 /* Resources */,
			);
			buildRules = (
			);
			dependencies = (
				91E8A1A91DA075D6003191D3 /* PBXTargetDependency */,
			);
			name = CineTests;
			productName = CineTests;
			productReference = 91E8A1A71DA075D6003191D3 /* CineTests.xctest */;
			productType = "com.apple.product-type.bundle.unit-test";
		};
		91E8A1B11DA075D6003191D3 /* CineUITests */ = {
			isa = PBXNativeTarget;
			buildConfigurationList = 91E8A1C11DA075D6003191D3 /* Build configuration list for PBXNativeTarget "CineUITests" */;
			buildPhases = (
				91E8A1AE1DA075D6003191D3 /* Sources */,
				91E8A1AF1DA075D6003191D3 /* Frameworks */,
				91E8A1B01DA075D6003191D3 /* Resources */,
			);
			buildRules = (
			);
			dependencies = (
				91E8A1B41DA075D6003191D3 /* PBXTargetDependency */,
			);
			name = CineUITests;
			productName = CineUITests;
			productReference = 91E8A1B21DA075D6003191D3 /* CineUITests.xctest */;
			productType = "com.apple.product-type.bundle.ui-testing";
		};
/* End PBXNativeTarget section */

/* Begin PBXProject section */
		91E8A18B1DA075D5003191D3 /* Project object */ = {
			isa = PBXProject;
			attributes = {
				LastSwiftUpdateCheck = 0800;
				LastUpgradeCheck = 0800;
				ORGANIZATIONNAME = "Martin Chibwe";
				TargetAttributes = {
					91E8A1921DA075D5003191D3 = {
						CreatedOnToolsVersion = 8.0;
						DevelopmentTeam = Z59FNT2JYY;
						ProvisioningStyle = Automatic;
					};
					91E8A1A61DA075D6003191D3 = {
						CreatedOnToolsVersion = 8.0;
						DevelopmentTeam = Z59FNT2JYY;
						ProvisioningStyle = Automatic;
						TestTargetID = 91E8A1921DA075D5003191D3;
					};
					91E8A1B11DA075D6003191D3 = {
						CreatedOnToolsVersion = 8.0;
						DevelopmentTeam = Z59FNT2JYY;
						ProvisioningStyle = Automatic;
						TestTargetID = 91E8A1921DA075D5003191D3;
					};
				};
			};
			buildConfigurationList = 91E8A18E1DA075D5003191D3 /* Build configuration list for PBXProject "Cine" */;
			compatibilityVersion = "Xcode 3.2";
			developmentRegion = English;
			hasScannedForEncodings = 0;
			knownRegions = (
				en,
				Base,
			);
			mainGroup = 91E8A18A1DA075D5003191D3;
			productRefGroup = 91E8A1941DA075D5003191D3 /* Products */;
			projectDirPath = "";
			projectRoot = "";
			targets = (
				91E8A1921DA075D5003191D3 /* Cine */,
				91E8A1A61DA075D6003191D3 /* CineTests */,
				91E8A1B11DA075D6003191D3 /* CineUITests */,
			);
		};
/* End PBXProject section */

/* Begin PBXResourcesBuildPhase section */
		91E8A1911DA075D5003191D3 /* Resources */ = {
			isa = PBXResourcesBuildPhase;
			buildActionMask = 2147483647;
			files = (
				91E8A1A11DA075D6003191D3 /* LaunchScreen.storyboard in Resources */,
				91E8A19E1DA075D6003191D3 /* Assets.xcassets in Resources */,
				91E8A19C1DA075D6003191D3 /* Main.storyboard in Resources */,
			);
			runOnlyForDeploymentPostprocessing = 0;
		};
		91E8A1A51DA075D6003191D3 /* Resources */ = {
			isa = PBXResourcesBuildPhase;
			buildActionMask = 2147483647;
			files = (
			);
			runOnlyForDeploymentPostprocessing = 0;
		};
		91E8A1B01DA075D6003191D3 /* Resources */ = {
			isa = PBXResourcesBuildPhase;
			buildActionMask = 2147483647;
			files = (
			);
			runOnlyForDeploymentPostprocessing = 0;
		};
/* End PBXResourcesBuildPhase section */

/* Begin PBXSourcesBuildPhase section */
		91E8A18F1DA075D5003191D3 /* Sources */ = {
			isa = PBXSourcesBuildPhase;
			buildActionMask = 2147483647;
			files = (
				91B709C21DDF090C00303E27 /* NowPlayingCellCollectionViewCell.swift in Sources */,
				91576AA21DE04A39004055F4 /* MoviesUpcomingViewController.swift in Sources */,
				91CA74B61DACD64C009F4A78 /* TMDBMovie.swift in Sources */,
				917BE4E61DA7AE8E00676A1F /* TMDBConfig.swift in Sources */,
				9167F7781DDD989700ADF05F /* BorderedButton.swift in Sources */,
				9167F77B1DDD98F200ADF05F /* MoviePickerViewController.swift in Sources */,
				917BE4E41DA77EF800676A1F /* TMDBClient.swift in Sources */,
				91CA74B41DACC164009F4A78 /* SignupWebViewViewController.swift in Sources */,
				9167F7811DDD99B700ADF05F /* WatchlistViewController.swift in Sources */,
				917BE4E01DA77D8F00676A1F /* BlackBoxGDC.swift in Sources */,
				91355FFD1DE44A1500F45542 /* TMDBGetMethods.swift in Sources */,
				91E8A1991DA075D5003191D3 /* ViewController.swift in Sources */,
				917BE4E21DA77EC100676A1F /* TMDBConstants.swift in Sources */,
				91E8A1971DA075D5003191D3 /* AppDelegate.swift in Sources */,
				917BE4E81DA7B32200676A1F /* TMDBConvenience.swift in Sources */,
				91F63A3B1DE0F3AB00AAEAD0 /* CustomImageFlowLayout.swift in Sources */,
				913960C81DA8EA640071A84F /* TMDBAuthViewController.swift in Sources */,
				91ED35611DEECF5E004128AB /* TMDBTrailers.swift in Sources */,
				9167F77F1DDD997100ADF05F /* FavoritesViewController.swift in Sources */,
				91576AA41DE04A52004055F4 /* MoviesPopularViewController.swift in Sources */,
				91B709BD1DDF04BD00303E27 /* MoviesNowPlayingViewController.swift in Sources */,
				9167F77D1DDD994800ADF05F /* MovieDetailViewController.swift in Sources */,
				91553FC31DB5C31D00D509AE /* SegmentedControl.swift in Sources */,
				91355FFF1DE4661B00F45542 /* MovieKeys.swift in Sources */,
				913960CE1DA91A970071A84F /* LoginViewController.swift in Sources */,
			);
			runOnlyForDeploymentPostprocessing = 0;
		};
		91E8A1A31DA075D6003191D3 /* Sources */ = {
			isa = PBXSourcesBuildPhase;
			buildActionMask = 2147483647;
			files = (
				91E8A1AC1DA075D6003191D3 /* CineTests.swift in Sources */,
			);
			runOnlyForDeploymentPostprocessing = 0;
		};
		91E8A1AE1DA075D6003191D3 /* Sources */ = {
			isa = PBXSourcesBuildPhase;
			buildActionMask = 2147483647;
			files = (
				91E8A1B71DA075D6003191D3 /* CineUITests.swift in Sources */,
			);
			runOnlyForDeploymentPostprocessing = 0;
		};
/* End PBXSourcesBuildPhase section */

/* Begin PBXTargetDependency section */
		91E8A1A91DA075D6003191D3 /* PBXTargetDependency */ = {
			isa = PBXTargetDependency;
			target = 91E8A1921DA075D5003191D3 /* Cine */;
			targetProxy = 91E8A1A81DA075D6003191D3 /* PBXContainerItemProxy */;
		};
		91E8A1B41DA075D6003191D3 /* PBXTargetDependency */ = {
			isa = PBXTargetDependency;
			target = 91E8A1921DA075D5003191D3 /* Cine */;
			targetProxy = 91E8A1B31DA075D6003191D3 /* PBXContainerItemProxy */;
		};
/* End PBXTargetDependency section */

/* Begin PBXVariantGroup section */
		91E8A19A1DA075D6003191D3 /* Main.storyboard */ = {
			isa = PBXVariantGroup;
			children = (
				91E8A19B1DA075D6003191D3 /* Base */,
			);
			name = Main.storyboard;
			sourceTree = "<group>";
		};
		91E8A19F1DA075D6003191D3 /* LaunchScreen.storyboard */ = {
			isa = PBXVariantGroup;
			children = (
				91E8A1A01DA075D6003191D3 /* Base */,
			);
			name = LaunchScreen.storyboard;
			sourceTree = "<group>";
		};
/* End PBXVariantGroup section */

/* Begin XCBuildConfiguration section */
		91E8A1B91DA075D6003191D3 /* Debug */ = {
			isa = XCBuildConfiguration;
			buildSettings = {
				ALWAYS_SEARCH_USER_PATHS = NO;
				CLANG_ANALYZER_NONNULL = YES;
				CLANG_CXX_LANGUAGE_STANDARD = "gnu++0x";
				CLANG_CXX_LIBRARY = "libc++";
				CLANG_ENABLE_MODULES = YES;
				CLANG_ENABLE_OBJC_ARC = YES;
				CLANG_WARN_BOOL_CONVERSION = YES;
				CLANG_WARN_CONSTANT_CONVERSION = YES;
				CLANG_WARN_DIRECT_OBJC_ISA_USAGE = YES_ERROR;
				CLANG_WARN_DOCUMENTATION_COMMENTS = YES;
				CLANG_WARN_EMPTY_BODY = YES;
				CLANG_WARN_ENUM_CONVERSION = YES;
				CLANG_WARN_INFINITE_RECURSION = YES;
				CLANG_WARN_INT_CONVERSION = YES;
				CLANG_WARN_OBJC_ROOT_CLASS = YES_ERROR;
				CLANG_WARN_SUSPICIOUS_MOVES = YES;
				CLANG_WARN_UNREACHABLE_CODE = YES;
				CLANG_WARN__DUPLICATE_METHOD_MATCH = YES;
				"CODE_SIGN_IDENTITY[sdk=iphoneos*]" = "iPhone Developer";
				COPY_PHASE_STRIP = NO;
				DEBUG_INFORMATION_FORMAT = dwarf;
				ENABLE_STRICT_OBJC_MSGSEND = YES;
				ENABLE_TESTABILITY = YES;
				GCC_C_LANGUAGE_STANDARD = gnu99;
				GCC_DYNAMIC_NO_PIC = NO;
				GCC_NO_COMMON_BLOCKS = YES;
				GCC_OPTIMIZATION_LEVEL = 0;
				GCC_PREPROCESSOR_DEFINITIONS = (
					"DEBUG=1",
					"$(inherited)",
				);
				GCC_WARN_64_TO_32_BIT_CONVERSION = YES;
				GCC_WARN_ABOUT_RETURN_TYPE = YES_ERROR;
				GCC_WARN_UNDECLARED_SELECTOR = YES;
				GCC_WARN_UNINITIALIZED_AUTOS = YES_AGGRESSIVE;
				GCC_WARN_UNUSED_FUNCTION = YES;
				GCC_WARN_UNUSED_VARIABLE = YES;
				IPHONEOS_DEPLOYMENT_TARGET = 10.0;
				MTL_ENABLE_DEBUG_INFO = YES;
				ONLY_ACTIVE_ARCH = YES;
				SDKROOT = iphoneos;
				SWIFT_ACTIVE_COMPILATION_CONDITIONS = DEBUG;
				SWIFT_OPTIMIZATION_LEVEL = "-Onone";
				TARGETED_DEVICE_FAMILY = "1,2";
			};
			name = Debug;
		};
		91E8A1BA1DA075D6003191D3 /* Release */ = {
			isa = XCBuildConfiguration;
			buildSettings = {
				ALWAYS_SEARCH_USER_PATHS = NO;
				CLANG_ANALYZER_NONNULL = YES;
				CLANG_CXX_LANGUAGE_STANDARD = "gnu++0x";
				CLANG_CXX_LIBRARY = "libc++";
				CLANG_ENABLE_MODULES = YES;
				CLANG_ENABLE_OBJC_ARC = YES;
				CLANG_WARN_BOOL_CONVERSION = YES;
				CLANG_WARN_CONSTANT_CONVERSION = YES;
				CLANG_WARN_DIRECT_OBJC_ISA_USAGE = YES_ERROR;
				CLANG_WARN_DOCUMENTATION_COMMENTS = YES;
				CLANG_WARN_EMPTY_BODY = YES;
				CLANG_WARN_ENUM_CONVERSION = YES;
				CLANG_WARN_INFINITE_RECURSION = YES;
				CLANG_WARN_INT_CONVERSION = YES;
				CLANG_WARN_OBJC_ROOT_CLASS = YES_ERROR;
				CLANG_WARN_SUSPICIOUS_MOVES = YES;
				CLANG_WARN_UNREACHABLE_CODE = YES;
				CLANG_WARN__DUPLICATE_METHOD_MATCH = YES;
				"CODE_SIGN_IDENTITY[sdk=iphoneos*]" = "iPhone Developer";
				COPY_PHASE_STRIP = NO;
				DEBUG_INFORMATION_FORMAT = "dwarf-with-dsym";
				ENABLE_NS_ASSERTIONS = NO;
				ENABLE_STRICT_OBJC_MSGSEND = YES;
				GCC_C_LANGUAGE_STANDARD = gnu99;
				GCC_NO_COMMON_BLOCKS = YES;
				GCC_WARN_64_TO_32_BIT_CONVERSION = YES;
				GCC_WARN_ABOUT_RETURN_TYPE = YES_ERROR;
				GCC_WARN_UNDECLARED_SELECTOR = YES;
				GCC_WARN_UNINITIALIZED_AUTOS = YES_AGGRESSIVE;
				GCC_WARN_UNUSED_FUNCTION = YES;
				GCC_WARN_UNUSED_VARIABLE = YES;
				IPHONEOS_DEPLOYMENT_TARGET = 10.0;
				MTL_ENABLE_DEBUG_INFO = NO;
				SDKROOT = iphoneos;
				SWIFT_OPTIMIZATION_LEVEL = "-Owholemodule";
				TARGETED_DEVICE_FAMILY = "1,2";
				VALIDATE_PRODUCT = YES;
			};
			name = Release;
		};
		91E8A1BC1DA075D6003191D3 /* Debug */ = {
			isa = XCBuildConfiguration;
			buildSettings = {
				ASSETCATALOG_COMPILER_APPICON_NAME = AppIcon;
				DEVELOPMENT_TEAM = Z59FNT2JYY;
				INFOPLIST_FILE = Cine/Info.plist;
				LD_RUNPATH_SEARCH_PATHS = "$(inherited) @executable_path/Frameworks";
				PRODUCT_BUNDLE_IDENTIFIER = "Martin-Chibwe.Cine";
				PRODUCT_NAME = "$(TARGET_NAME)";
				SWIFT_VERSION = 3.0;
			};
			name = Debug;
		};
		91E8A1BD1DA075D6003191D3 /* Release */ = {
			isa = XCBuildConfiguration;
			buildSettings = {
				ASSETCATALOG_COMPILER_APPICON_NAME = AppIcon;
				DEVELOPMENT_TEAM = Z59FNT2JYY;
				INFOPLIST_FILE = Cine/Info.plist;
				LD_RUNPATH_SEARCH_PATHS = "$(inherited) @executable_path/Frameworks";
				PRODUCT_BUNDLE_IDENTIFIER = "Martin-Chibwe.Cine";
				PRODUCT_NAME = "$(TARGET_NAME)";
				SWIFT_VERSION = 3.0;
			};
			name = Release;
		};
		91E8A1BF1DA075D6003191D3 /* Debug */ = {
			isa = XCBuildConfiguration;
			buildSettings = {
				ALWAYS_EMBED_SWIFT_STANDARD_LIBRARIES = YES;
				BUNDLE_LOADER = "$(TEST_HOST)";
				DEVELOPMENT_TEAM = Z59FNT2JYY;
				INFOPLIST_FILE = CineTests/Info.plist;
				LD_RUNPATH_SEARCH_PATHS = "$(inherited) @executable_path/Frameworks @loader_path/Frameworks";
				PRODUCT_BUNDLE_IDENTIFIER = "Martin-Chibwe.CineTests";
				PRODUCT_NAME = "$(TARGET_NAME)";
				SWIFT_VERSION = 3.0;
				TEST_HOST = "$(BUILT_PRODUCTS_DIR)/Cine.app/Cine";
			};
			name = Debug;
		};
		91E8A1C01DA075D6003191D3 /* Release */ = {
			isa = XCBuildConfiguration;
			buildSettings = {
				ALWAYS_EMBED_SWIFT_STANDARD_LIBRARIES = YES;
				BUNDLE_LOADER = "$(TEST_HOST)";
				DEVELOPMENT_TEAM = Z59FNT2JYY;
				INFOPLIST_FILE = CineTests/Info.plist;
				LD_RUNPATH_SEARCH_PATHS = "$(inherited) @executable_path/Frameworks @loader_path/Frameworks";
				PRODUCT_BUNDLE_IDENTIFIER = "Martin-Chibwe.CineTests";
				PRODUCT_NAME = "$(TARGET_NAME)";
				SWIFT_VERSION = 3.0;
				TEST_HOST = "$(BUILT_PRODUCTS_DIR)/Cine.app/Cine";
			};
			name = Release;
		};
		91E8A1C21DA075D6003191D3 /* Debug */ = {
			isa = XCBuildConfiguration;
			buildSettings = {
				ALWAYS_EMBED_SWIFT_STANDARD_LIBRARIES = YES;
				DEVELOPMENT_TEAM = Z59FNT2JYY;
				INFOPLIST_FILE = CineUITests/Info.plist;
				LD_RUNPATH_SEARCH_PATHS = "$(inherited) @executable_path/Frameworks @loader_path/Frameworks";
				PRODUCT_BUNDLE_IDENTIFIER = "Martin-Chibwe.CineUITests";
				PRODUCT_NAME = "$(TARGET_NAME)";
				SWIFT_VERSION = 3.0;
				TEST_TARGET_NAME = Cine;
			};
			name = Debug;
		};
		91E8A1C31DA075D6003191D3 /* Release */ = {
			isa = XCBuildConfiguration;
			buildSettings = {
				ALWAYS_EMBED_SWIFT_STANDARD_LIBRARIES = YES;
				DEVELOPMENT_TEAM = Z59FNT2JYY;
				INFOPLIST_FILE = CineUITests/Info.plist;
				LD_RUNPATH_SEARCH_PATHS = "$(inherited) @executable_path/Frameworks @loader_path/Frameworks";
				PRODUCT_BUNDLE_IDENTIFIER = "Martin-Chibwe.CineUITests";
				PRODUCT_NAME = "$(TARGET_NAME)";
				SWIFT_VERSION = 3.0;
				TEST_TARGET_NAME = Cine;
			};
			name = Release;
		};
/* End XCBuildConfiguration section */

/* Begin XCConfigurationList section */
		91E8A18E1DA075D5003191D3 /* Build configuration list for PBXProject "Cine" */ = {
			isa = XCConfigurationList;
			buildConfigurations = (
				91E8A1B91DA075D6003191D3 /* Debug */,
				91E8A1BA1DA075D6003191D3 /* Release */,
			);
			defaultConfigurationIsVisible = 0;
			defaultConfigurationName = Release;
		};
		91E8A1BB1DA075D6003191D3 /* Build configuration list for PBXNativeTarget "Cine" */ = {
			isa = XCConfigurationList;
			buildConfigurations = (
				91E8A1BC1DA075D6003191D3 /* Debug */,
				91E8A1BD1DA075D6003191D3 /* Release */,
			);
			defaultConfigurationIsVisible = 0;
			defaultConfigurationName = Release;
		};
		91E8A1BE1DA075D6003191D3 /* Build configuration list for PBXNativeTarget "CineTests" */ = {
			isa = XCConfigurationList;
			buildConfigurations = (
				91E8A1BF1DA075D6003191D3 /* Debug */,
				91E8A1C01DA075D6003191D3 /* Release */,
			);
			defaultConfigurationIsVisible = 0;
			defaultConfigurationName = Release;
		};
		91E8A1C11DA075D6003191D3 /* Build configuration list for PBXNativeTarget "CineUITests" */ = {
			isa = XCConfigurationList;
			buildConfigurations = (
				91E8A1C21DA075D6003191D3 /* Debug */,
				91E8A1C31DA075D6003191D3 /* Release */,
			);
			defaultConfigurationIsVisible = 0;
			defaultConfigurationName = Release;
		};
/* End XCConfigurationList section */
	};
	rootObject = 91E8A18B1DA075D5003191D3 /* Project object */;
}
